
Microsoft Visual Studio Solution File, Format Version 12.00
Project("{FAE04EC0-301F-11D3-BF4B-00C04F79EFBC}") = "Day_08", "Day_08\Day_08.csproj", "{62ED5163-EBF3-4ACA-A296-781625780393}"
EndProject
Global
	GlobalSection(SolutionConfigurationPlatforms) = preSolution
		Debug|Any CPU = Debug|Any CPU
		Release|Any CPU = Release|Any CPU
	EndGlobalSection
	GlobalSection(ProjectConfigurationPlatforms) = postSolution
		{62ED5163-EBF3-4ACA-A296-781625780393}.Debug|Any CPU.ActiveCfg = Debug|Any CPU
		{62ED5163-EBF3-4ACA-A296-781625780393}.Debug|Any CPU.Build.0 = Debug|Any CPU
		{62ED5163-EBF3-4ACA-A296-781625780393}.Release|Any CPU.ActiveCfg = Release|Any CPU
		{62ED5163-EBF3-4ACA-A296-781625780393}.Release|Any CPU.Build.0 = Release|Any CPU
	EndGlobalSection
EndGlobal
