
Microsoft Visual Studio Solution File, Format Version 12.00
Project("{FAE04EC0-301F-11D3-BF4B-00C04F79EFBC}") = "Day_11", "Day_11\Day_11.csproj", "{66753FF6-DB93-4081-A61B-6393DE42D322}"
EndProject
Global
	GlobalSection(SolutionConfigurationPlatforms) = preSolution
		Debug|Any CPU = Debug|Any CPU
		Release|Any CPU = Release|Any CPU
	EndGlobalSection
	GlobalSection(ProjectConfigurationPlatforms) = postSolution
		{66753FF6-DB93-4081-A61B-6393DE42D322}.Debug|Any CPU.ActiveCfg = Debug|Any CPU
		{66753FF6-DB93-4081-A61B-6393DE42D322}.Debug|Any CPU.Build.0 = Debug|Any CPU
		{66753FF6-DB93-4081-A61B-6393DE42D322}.Release|Any CPU.ActiveCfg = Release|Any CPU
		{66753FF6-DB93-4081-A61B-6393DE42D322}.Release|Any CPU.Build.0 = Release|Any CPU
	EndGlobalSection
EndGlobal
