
Microsoft Visual Studio Solution File, Format Version 12.00
Project("{FAE04EC0-301F-11D3-BF4B-00C04F79EFBC}") = "Day_12", "Day_12\Day_12.csproj", "{854D491B-36B6-4EE6-9DE5-9846F615AF78}"
EndProject
Global
	GlobalSection(SolutionConfigurationPlatforms) = preSolution
		Debug|Any CPU = Debug|Any CPU
		Release|Any CPU = Release|Any CPU
	EndGlobalSection
	GlobalSection(ProjectConfigurationPlatforms) = postSolution
		{854D491B-36B6-4EE6-9DE5-9846F615AF78}.Debug|Any CPU.ActiveCfg = Debug|Any CPU
		{854D491B-36B6-4EE6-9DE5-9846F615AF78}.Debug|Any CPU.Build.0 = Debug|Any CPU
		{854D491B-36B6-4EE6-9DE5-9846F615AF78}.Release|Any CPU.ActiveCfg = Release|Any CPU
		{854D491B-36B6-4EE6-9DE5-9846F615AF78}.Release|Any CPU.Build.0 = Release|Any CPU
	EndGlobalSection
EndGlobal
