
Microsoft Visual Studio Solution File, Format Version 12.00
Project("{FAE04EC0-301F-11D3-BF4B-00C04F79EFBC}") = "LinqDay01", "LinqDay01\LinqDay01.csproj", "{3DAF0593-E792-474F-B064-A63118816D4F}"
EndProject
Global
	GlobalSection(SolutionConfigurationPlatforms) = preSolution
		Debug|Any CPU = Debug|Any CPU
		Release|Any CPU = Release|Any CPU
	EndGlobalSection
	GlobalSection(ProjectConfigurationPlatforms) = postSolution
		{3DAF0593-E792-474F-B064-A63118816D4F}.Debug|Any CPU.ActiveCfg = Debug|Any CPU
		{3DAF0593-E792-474F-B064-A63118816D4F}.Debug|Any CPU.Build.0 = Debug|Any CPU
		{3DAF0593-E792-474F-B064-A63118816D4F}.Release|Any CPU.ActiveCfg = Release|Any CPU
		{3DAF0593-E792-474F-B064-A63118816D4F}.Release|Any CPU.Build.0 = Release|Any CPU
	EndGlobalSection
EndGlobal
