
Microsoft Visual Studio Solution File, Format Version 12.00
Project("{FAE04EC0-301F-11D3-BF4B-00C04F79EFBC}") = "Day_10", "Day_10\Day_10.csproj", "{FEE5ECE5-5BB2-4DE0-B0F1-199D15607748}"
EndProject
Global
	GlobalSection(SolutionConfigurationPlatforms) = preSolution
		Debug|Any CPU = Debug|Any CPU
		Release|Any CPU = Release|Any CPU
	EndGlobalSection
	GlobalSection(ProjectConfigurationPlatforms) = postSolution
		{FEE5ECE5-5BB2-4DE0-B0F1-199D15607748}.Debug|Any CPU.ActiveCfg = Debug|Any CPU
		{FEE5ECE5-5BB2-4DE0-B0F1-199D15607748}.Debug|Any CPU.Build.0 = Debug|Any CPU
		{FEE5ECE5-5BB2-4DE0-B0F1-199D15607748}.Release|Any CPU.ActiveCfg = Release|Any CPU
		{FEE5ECE5-5BB2-4DE0-B0F1-199D15607748}.Release|Any CPU.Build.0 = Release|Any CPU
	EndGlobalSection
EndGlobal
