
Microsoft Visual Studio Solution File, Format Version 12.00
Project("{FAE04EC0-301F-11D3-BF4B-00C04F79EFBC}") = "Day_14", "Day_14\Day_14.csproj", "{C014BE07-C2D7-4CB8-89CB-1C6294E01F5C}"
EndProject
Global
	GlobalSection(SolutionConfigurationPlatforms) = preSolution
		Debug|Any CPU = Debug|Any CPU
		Release|Any CPU = Release|Any CPU
	EndGlobalSection
	GlobalSection(ProjectConfigurationPlatforms) = postSolution
		{C014BE07-C2D7-4CB8-89CB-1C6294E01F5C}.Debug|Any CPU.ActiveCfg = Debug|Any CPU
		{C014BE07-C2D7-4CB8-89CB-1C6294E01F5C}.Debug|Any CPU.Build.0 = Debug|Any CPU
		{C014BE07-C2D7-4CB8-89CB-1C6294E01F5C}.Release|Any CPU.ActiveCfg = Release|Any CPU
		{C014BE07-C2D7-4CB8-89CB-1C6294E01F5C}.Release|Any CPU.Build.0 = Release|Any CPU
	EndGlobalSection
EndGlobal
